
Microsoft Visual Studio Solution File, Format Version 12.00
Project("{FAE04EC0-301F-11D3-BF4B-00C04F79EFBC}") = "DotNetChangelog", "src\DotNetChangelog\DotNetChangelog.csproj", "{D135CFC6-2DEF-4524-9A56-7181692F6EDB}"
EndProject
Project("{FAE04EC0-301F-11D3-BF4B-00C04F79EFBC}") = "DotNetChangelog.Tests", "tests\DotNetChangelog.Tests\DotNetChangelog.Tests.csproj", "{160CBD90-EF72-4ACD-B55F-C7BCAD418EC2}"
EndProject
Global
	GlobalSection(SolutionConfigurationPlatforms) = preSolution
		Debug|Any CPU = Debug|Any CPU
		Release|Any CPU = Release|Any CPU
	EndGlobalSection
	GlobalSection(ProjectConfigurationPlatforms) = postSolution
		{D135CFC6-2DEF-4524-9A56-7181692F6EDB}.Debug|Any CPU.ActiveCfg = Debug|Any CPU
		{D135CFC6-2DEF-4524-9A56-7181692F6EDB}.Debug|Any CPU.Build.0 = Debug|Any CPU
		{D135CFC6-2DEF-4524-9A56-7181692F6EDB}.Release|Any CPU.ActiveCfg = Release|Any CPU
		{D135CFC6-2DEF-4524-9A56-7181692F6EDB}.Release|Any CPU.Build.0 = Release|Any CPU
		{160CBD90-EF72-4ACD-B55F-C7BCAD418EC2}.Debug|Any CPU.ActiveCfg = Debug|Any CPU
		{160CBD90-EF72-4ACD-B55F-C7BCAD418EC2}.Debug|Any CPU.Build.0 = Debug|Any CPU
		{160CBD90-EF72-4ACD-B55F-C7BCAD418EC2}.Release|Any CPU.ActiveCfg = Release|Any CPU
		{160CBD90-EF72-4ACD-B55F-C7BCAD418EC2}.Release|Any CPU.Build.0 = Release|Any CPU
	EndGlobalSection
EndGlobal
